
Microsoft Visual Studio Solution File, Format Version 12.00
# Visual Studio Version 17
VisualStudioVersion = 17.14.36511.14 d17.14
MinimumVisualStudioVersion = 10.0.40219.1
Project("{FAE04EC0-301F-11D3-BF4B-00C04F79EFBC}") = "Lab10Q2", "Lab10Q2\Lab10Q2.csproj", "{CD972D6A-D1FA-44AB-A0A0-4D54A8A4FD91}"
EndProject
Global
	GlobalSection(SolutionConfigurationPlatforms) = preSolution
		Debug|Any CPU = Debug|Any CPU
		Release|Any CPU = Release|Any CPU
	EndGlobalSection
	GlobalSection(ProjectConfigurationPlatforms) = postSolution
		{CD972D6A-D1FA-44AB-A0A0-4D54A8A4FD91}.Debug|Any CPU.ActiveCfg = Debug|Any CPU
		{CD972D6A-D1FA-44AB-A0A0-4D54A8A4FD91}.Debug|Any CPU.Build.0 = Debug|Any CPU
		{CD972D6A-D1FA-44AB-A0A0-4D54A8A4FD91}.Release|Any CPU.ActiveCfg = Release|Any CPU
		{CD972D6A-D1FA-44AB-A0A0-4D54A8A4FD91}.Release|Any CPU.Build.0 = Release|Any CPU
	EndGlobalSection
	GlobalSection(SolutionProperties) = preSolution
		HideSolutionNode = FALSE
	EndGlobalSection
	GlobalSection(ExtensibilityGlobals) = postSolution
		SolutionGuid = {12306861-C534-4E32-BF3C-6DC0F9D286F8}
	EndGlobalSection
EndGlobal
