
Microsoft Visual Studio Solution File, Format Version 12.00
# Visual Studio Version 17
VisualStudioVersion = 17.14.36511.14 d17.14
MinimumVisualStudioVersion = 10.0.40219.1
Project("{FAE04EC0-301F-11D3-BF4B-00C04F79EFBC}") = "Lab11Q3", "Lab11Q3\Lab11Q3.csproj", "{FBB54D1A-F8D8-4A31-80F7-0A131F8EAF59}"
EndProject
Global
	GlobalSection(SolutionConfigurationPlatforms) = preSolution
		Debug|Any CPU = Debug|Any CPU
		Release|Any CPU = Release|Any CPU
	EndGlobalSection
	GlobalSection(ProjectConfigurationPlatforms) = postSolution
		{FBB54D1A-F8D8-4A31-80F7-0A131F8EAF59}.Debug|Any CPU.ActiveCfg = Debug|Any CPU
		{FBB54D1A-F8D8-4A31-80F7-0A131F8EAF59}.Debug|Any CPU.Build.0 = Debug|Any CPU
		{FBB54D1A-F8D8-4A31-80F7-0A131F8EAF59}.Release|Any CPU.ActiveCfg = Release|Any CPU
		{FBB54D1A-F8D8-4A31-80F7-0A131F8EAF59}.Release|Any CPU.Build.0 = Release|Any CPU
	EndGlobalSection
	GlobalSection(SolutionProperties) = preSolution
		HideSolutionNode = FALSE
	EndGlobalSection
	GlobalSection(ExtensibilityGlobals) = postSolution
		SolutionGuid = {169442CD-1A0D-461F-9B67-57B5C1963F4E}
	EndGlobalSection
EndGlobal
